# THIS IS AN AUTOGENERATED FILE. DO NOT EDIT THIS FILE DIRECTLY.
# yarn lockfile v1


draggabilly@2.3.0:
  version "2.3.0"
  resolved "https://registry.npm.taobao.org/draggabilly/download/draggabilly-2.3.0.tgz#e0e653e09b938eb7ae654c4b7600114b24a2ee50"
  integrity sha1-4OZT4JuTjreuZUxLdgARSySi7lA=
  dependencies:
    get-size "^2.0.2"
    unidragger "^2.3.0"

droppabilly@chienhungchen/droppabilly#cd433287ccea4fee637894467b24fed8198433a8:
  version "0.0.0"
  resolved "https://codeload.github.com/chienhungchen/droppabilly/tar.gz/cd433287ccea4fee637894467b24fed8198433a8"

ev-emitter@^1.0.1:
  version "1.1.1"
  resolved "https://registry.npm.taobao.org/ev-emitter/download/ev-emitter-1.1.1.tgz#8f18b0ce5c76a5d18017f71c0a795c65b9138f2a"
  integrity sha1-jxiwzlx2pdGAF/ccCnlcZbkTjyo=

get-size@^2.0.2:
  version "2.0.3"
  resolved "https://registry.npm.taobao.org/get-size/download/get-size-2.0.3.tgz#54a1d0256b20ea7ac646516756202769941ad2ef"
  integrity sha1-VKHQJWsg6nrGRlFnViAnaZQa0u8=

unidragger@^2.3.0:
  version "2.3.1"
  resolved "https://registry.npm.taobao.org/unidragger/download/unidragger-2.3.1.tgz#2e8c34feff61affa96dc895234ddfc1ea4ec7515"
  integrity sha1-Low0/v9hr/qW3IlSNN38HqTsdRU=
  dependencies:
    unipointer "^2.3.0"

unipointer@^2.3.0:
  version "2.3.0"
  resolved "https://registry.npm.taobao.org/unipointer/download/unipointer-2.3.0.tgz#ba0dc462ce31c2a88e80810e19c3bae0ce47ed9f"
  integrity sha1-ug3EYs4xwqiOgIEOGcO64M5H7Z8=
  dependencies:
    ev-emitter "^1.0.1"
